
Microsoft Visual Studio Solution File, Format Version 12.00
# Visual Studio Version 17
VisualStudioVersion = 17.6.33815.320
MinimumVisualStudioVersion = 10.0.40219.1
Project("{FAE04EC0-301F-11D3-BF4B-00C04F79EFBC}") = "BandsMvc", "BandsMvc\BandsMvc.csproj", "{7C789409-FE7C-4D54-BD7D-75BBF34DDFCB}"
EndProject
Global
	GlobalSection(SolutionConfigurationPlatforms) = preSolution
		Debug|Any CPU = Debug|Any CPU
		Release|Any CPU = Release|Any CPU
	EndGlobalSection
	GlobalSection(ProjectConfigurationPlatforms) = postSolution
		{7C789409-FE7C-4D54-BD7D-75BBF34DDFCB}.Debug|Any CPU.ActiveCfg = Debug|Any CPU
		{7C789409-FE7C-4D54-BD7D-75BBF34DDFCB}.Debug|Any CPU.Build.0 = Debug|Any CPU
		{7C789409-FE7C-4D54-BD7D-75BBF34DDFCB}.Release|Any CPU.ActiveCfg = Release|Any CPU
		{7C789409-FE7C-4D54-BD7D-75BBF34DDFCB}.Release|Any CPU.Build.0 = Release|Any CPU
	EndGlobalSection
	GlobalSection(SolutionProperties) = preSolution
		HideSolutionNode = FALSE
	EndGlobalSection
	GlobalSection(ExtensibilityGlobals) = postSolution
		SolutionGuid = {B3707324-A921-4E5D-A71B-C257491C7FEA}
	EndGlobalSection
EndGlobal
